// !$*UTF8*$!
{
	archiveVersion = 1;
	classes = {
	};
	objectVersion = 46;
	objects = {

/* Begin PBXBuildFile section */
		AFBB010918EEA58300FAB4A5 /* Foundation.framework in Frameworks */ = {isa = PBXBuildFile; fileRef = AFBB010818EEA58300FAB4A5 /* Foundation.framework */; };
		AFBB010B18EEA58300FAB4A5 /* CoreGraphics.framework in Frameworks */ = {isa = PBXBuildFile; fileRef = AFBB010A18EEA58300FAB4A5 /* CoreGraphics.framework */; };
		AFBB010D18EEA58300FAB4A5 /* UIKit.framework in Frameworks */ = {isa = PBXBuildFile; fileRef = AFBB010C18EEA58300FAB4A5 /* UIKit.framework */; };
		AFBB011318EEA58300FAB4A5 /* InfoPlist.strings in Resources */ = {isa = PBXBuildFile; fileRef = AFBB011118EEA58300FAB4A5 /* InfoPlist.strings */; };
		AFBB011518EEA58300FAB4A5 /* main.m in Sources */ = {isa = PBXBuildFile; fileRef = AFBB011418EEA58300FAB4A5 /* main.m */; };
		AFBB011918EEA58300FAB4A5 /* AppDelegate.m in Sources */ = {isa = PBXBuildFile; fileRef = AFBB011818EEA58300FAB4A5 /* AppDelegate.m */; };
		AFBB011C18EEA58300FAB4A5 /* Main.storyboard in Resources */ = {isa = PBXBuildFile; fileRef = AFBB011A18EEA58300FAB4A5 /* Main.storyboard */; };
		AFBB011F18EEA58300FAB4A5 /* ViewController.m in Sources */ = {isa = PBXBuildFile; fileRef = AFBB011E18EEA58300FAB4A5 /* ViewController.m */; };
		AFBB012118EEA58300FAB4A5 /* Images.xcassets in Resources */ = {isa = PBXBuildFile; fileRef = AFBB012018EEA58300FAB4A5 /* Images.xcassets */; };
		AFBB012818EEA58300FAB4A5 /* XCTest.framework in Frameworks */ = {isa = PBXBuildFile; fileRef = AFBB012718EEA58300FAB4A5 /* XCTest.framework */; };
		AFBB012918EEA58300FAB4A5 /* Foundation.framework in Frameworks */ = {isa = PBXBuildFile; fileRef = AFBB010818EEA58300FAB4A5 /* Foundation.framework */; };
		AFBB012A18EEA58300FAB4A5 /* UIKit.framework in Frameworks */ = {isa = PBXBuildFile; fileRef = AFBB010C18EEA58300FAB4A5 /* UIKit.framework */; };
		AFBB013218EEA58300FAB4A5 /* InfoPlist.strings in Resources */ = {isa = PBXBuildFile; fileRef = AFBB013018EEA58300FAB4A5 /* InfoPlist.strings */; };
		AFBB013418EEA58300FAB4A5 /* aaaaaaaTests.m in Sources */ = {isa = PBXBuildFile; fileRef = AFBB013318EEA58300FAB4A5 /* aaaaaaaTests.m */; };
/* End PBXBuildFile section */

/* Begin PBXContainerItemProxy section */
		AFBB012B18EEA58300FAB4A5 /* PBXContainerItemProxy */ = {
			isa = PBXContainerItemProxy;
			containerPortal = AFBB00FD18EEA58300FAB4A5 /* Project object */;
			proxyType = 1;
			remoteGlobalIDString = AFBB010418EEA58300FAB4A5;
			remoteInfo = aaaaaaa;
		};
/* End PBXContainerItemProxy section */

/* Begin PBXFileReference section */
		AFBB010518EEA58300FAB4A5 /* aaaaaaa.app */ = {isa = PBXFileReference; explicitFileType = wrapper.application; includeInIndex = 0; path = aaaaaaa.app; sourceTree = BUILT_PRODUCTS_DIR; };
		AFBB010818EEA58300FAB4A5 /* Foundation.framework */ = {isa = PBXFileReference; lastKnownFileType = wrapper.framework; name = Foundation.framework; path = System/Library/Frameworks/Foundation.framework; sourceTree = SDKROOT; };
		AFBB010A18EEA58300FAB4A5 /* CoreGraphics.framework */ = {isa = PBXFileReference; lastKnownFileType = wrapper.framework; name = CoreGraphics.framework; path = System/Library/Frameworks/CoreGraphics.framework; sourceTree = SDKROOT; };
		AFBB010C18EEA58300FAB4A5 /* UIKit.framework */ = {isa = PBXFileReference; lastKnownFileType = wrapper.framework; name = UIKit.framework; path = System/Library/Frameworks/UIKit.framework; sourceTree = SDKROOT; };
		AFBB011018EEA58300FAB4A5 /* aaaaaaa-Info.plist */ = {isa = PBXFileReference; lastKnownFileType = text.plist.xml; path = "aaaaaaa-Info.plist"; sourceTree = "<group>"; };
		AFBB011218EEA58300FAB4A5 /* en */ = {isa = PBXFileReference; lastKnownFileType = text.plist.strings; name = en; path = en.lproj/InfoPlist.strings; sourceTree = "<group>"; };
		AFBB011418EEA58300FAB4A5 /* main.m */ = {isa = PBXFileReference; lastKnownFileType = sourcecode.c.objc; path = main.m; sourceTree = "<group>"; };
		AFBB011618EEA58300FAB4A5 /* aaaaaaa-Prefix.pch */ = {isa = PBXFileReference; lastKnownFileType = sourcecode.c.h; path = "aaaaaaa-Prefix.pch"; sourceTree = "<group>"; };
		AFBB011718EEA58300FAB4A5 /* AppDelegate.h */ = {isa = PBXFileReference; lastKnownFileType = sourcecode.c.h; path = AppDelegate.h; sourceTree = "<group>"; };
		AFBB011818EEA58300FAB4A5 /* AppDelegate.m */ = {isa = PBXFileReference; lastKnownFileType = sourcecode.c.objc; path = AppDelegate.m; sourceTree = "<group>"; };
		AFBB011B18EEA58300FAB4A5 /* Base */ = {isa = PBXFileReference; lastKnownFileType = file.storyboard; name = Base; path = Base.lproj/Main.storyboard; sourceTree = "<group>"; };
		AFBB011D18EEA58300FAB4A5 /* ViewController.h */ = {isa = PBXFileReference; lastKnownFileType = sourcecode.c.h; path = ViewController.h; sourceTree = "<group>"; };
		AFBB011E18EEA58300FAB4A5 /* ViewController.m */ = {isa = PBXFileReference; lastKnownFileType = sourcecode.c.objc; path = ViewController.m; sourceTree = "<group>"; };
		AFBB012018EEA58300FAB4A5 /* Images.xcassets */ = {isa = PBXFileReference; lastKnownFileType = folder.assetcatalog; path = Images.xcassets; sourceTree = "<group>"; };
		AFBB012618EEA58300FAB4A5 /* aaaaaaaTests.xctest */ = {isa = PBXFileReference; explicitFileType = wrapper.cfbundle; includeInIndex = 0; path = aaaaaaaTests.xctest; sourceTree = BUILT_PRODUCTS_DIR; };
		AFBB012718EEA58300FAB4A5 /* XCTest.framework */ = {isa = PBXFileReference; lastKnownFileType = wrapper.framework; name = XCTest.framework; path = Library/Frameworks/XCTest.framework; sourceTree = DEVELOPER_DIR; };
		AFBB012F18EEA58300FAB4A5 /* aaaaaaaTests-Info.plist */ = {isa = PBXFileReference; lastKnownFileType = text.plist.xml; path = "aaaaaaaTests-Info.plist"; sourceTree = "<group>"; };
		AFBB013118EEA58300FAB4A5 /* en */ = {isa = PBXFileReference; lastKnownFileType = text.plist.strings; name = en; path = en.lproj/InfoPlist.strings; sourceTree = "<group>"; };
		AFBB013318EEA58300FAB4A5 /* aaaaaaaTests.m */ = {isa = PBXFileReference; lastKnownFileType = sourcecode.c.objc; path = aaaaaaaTests.m; sourceTree = "<group>"; };
/* End PBXFileReference section */

/* Begin PBXFrameworksBuildPhase section */
		AFBB010218EEA58300FAB4A5 /* Frameworks */ = {
			isa = PBXFrameworksBuildPhase;
			buildActionMask = 2147483647;
			files = (
				AFBB010B18EEA58300FAB4A5 /* CoreGraphics.framework in Frameworks */,
				AFBB010D18EEA58300FAB4A5 /* UIKit.framework in Frameworks */,
				AFBB010918EEA58300FAB4A5 /* Foundation.framework in Frameworks */,
			);
			runOnlyForDeploymentPostprocessing = 0;
		};
		AFBB012318EEA58300FAB4A5 /* Frameworks */ = {
			isa = PBXFrameworksBuildPhase;
			buildActionMask = 2147483647;
			files = (
				AFBB012818EEA58300FAB4A5 /* XCTest.framework in Frameworks */,
				AFBB012A18EEA58300FAB4A5 /* UIKit.framework in Frameworks */,
				AFBB012918EEA58300FAB4A5 /* Foundation.framework in Frameworks */,
			);
			runOnlyForDeploymentPostprocessing = 0;
		};
/* End PBXFrameworksBuildPhase section */

/* Begin PBXGroup section */
		AFBB00FC18EEA58300FAB4A5 = {
			isa = PBXGroup;
			children = (
				AFBB010E18EEA58300FAB4A5 /* aaaaaaa */,
				AFBB012D18EEA58300FAB4A5 /* aaaaaaaTests */,
				AFBB010718EEA58300FAB4A5 /* Frameworks */,
				AFBB010618EEA58300FAB4A5 /* Products */,
			);
			sourceTree = "<group>";
		};
		AFBB010618EEA58300FAB4A5 /* Products */ = {
			isa = PBXGroup;
			children = (
				AFBB010518EEA58300FAB4A5 /* aaaaaaa.app */,
				AFBB012618EEA58300FAB4A5 /* aaaaaaaTests.xctest */,
			);
			name = Products;
			sourceTree = "<group>";
		};
		AFBB010718EEA58300FAB4A5 /* Frameworks */ = {
			isa = PBXGroup;
			children = (
				AFBB010818EEA58300FAB4A5 /* Foundation.framework */,
				AFBB010A18EEA58300FAB4A5 /* CoreGraphics.framework */,
				AFBB010C18EEA58300FAB4A5 /* UIKit.framework */,
				AFBB012718EEA58300FAB4A5 /* XCTest.framework */,
			);
			name = Frameworks;
			sourceTree = "<group>";
		};
		AFBB010E18EEA58300FAB4A5 /* aaaaaaa */ = {
			isa = PBXGroup;
			children = (
				AFBB011718EEA58300FAB4A5 /* AppDelegate.h */,
				AFBB011818EEA58300FAB4A5 /* AppDelegate.m */,
				AFBB011A18EEA58300FAB4A5 /* Main.storyboard */,
				AFBB011D18EEA58300FAB4A5 /* ViewController.h */,
				AFBB011E18EEA58300FAB4A5 /* ViewController.m */,
				AFBB012018EEA58300FAB4A5 /* Images.xcassets */,
				AFBB010F18EEA58300FAB4A5 /* Supporting Files */,
			);
			path = aaaaaaa;
			sourceTree = "<group>";
		};
		AFBB010F18EEA58300FAB4A5 /* Supporting Files */ = {
			isa = PBXGroup;
			children = (
				AFBB011018EEA58300FAB4A5 /* aaaaaaa-Info.plist */,
				AFBB011118EEA58300FAB4A5 /* InfoPlist.strings */,
				AFBB011418EEA58300FAB4A5 /* main.m */,
				AFBB011618EEA58300FAB4A5 /* aaaaaaa-Prefix.pch */,
			);
			name = "Supporting Files";
			sourceTree = "<group>";
		};
		AFBB012D18EEA58300FAB4A5 /* aaaaaaaTests */ = {
			isa = PBXGroup;
			children = (
				AFBB013318EEA58300FAB4A5 /* aaaaaaaTests.m */,
				AFBB012E18EEA58300FAB4A5 /* Supporting Files */,
			);
			path = aaaaaaaTests;
			sourceTree = "<group>";
		};
		AFBB012E18EEA58300FAB4A5 /* Supporting Files */ = {
			isa = PBXGroup;
			children = (
				AFBB012F18EEA58300FAB4A5 /* aaaaaaaTests-Info.plist */,
				AFBB013018EEA58300FAB4A5 /* InfoPlist.strings */,
			);
			name = "Supporting Files";
			sourceTree = "<group>";
		};
/* End PBXGroup section */

/* Begin PBXNativeTarget section */
		AFBB010418EEA58300FAB4A5 /* aaaaaaa */ = {
			isa = PBXNativeTarget;
			buildConfigurationList = AFBB013718EEA58300FAB4A5 /* Build configuration list for PBXNativeTarget "aaaaaaa" */;
			buildPhases = (
				AFBB010118EEA58300FAB4A5 /* Sources */,
				AFBB010218EEA58300FAB4A5 /* Frameworks */,
				AFBB010318EEA58300FAB4A5 /* Resources */,
			);
			buildRules = (
			);
			dependencies = (
			);
			name = aaaaaaa;
			productName = aaaaaaa;
			productReference = AFBB010518EEA58300FAB4A5 /* aaaaaaa.app */;
			productType = "com.apple.product-type.application";
		};
		AFBB012518EEA58300FAB4A5 /* aaaaaaaTests */ = {
			isa = PBXNativeTarget;
			buildConfigurationList = AFBB013A18EEA58300FAB4A5 /* Build configuration list for PBXNativeTarget "aaaaaaaTests" */;
			buildPhases = (
				AFBB012218EEA58300FAB4A5 /* Sources */,
				AFBB012318EEA58300FAB4A5 /* Frameworks */,
				AFBB012418EEA58300FAB4A5 /* Resources */,
			);
			buildRules = (
			);
			dependencies = (
				AFBB012C18EEA58300FAB4A5 /* PBXTargetDependency */,
			);
			name = aaaaaaaTests;
			productName = aaaaaaaTests;
			productReference = AFBB012618EEA58300FAB4A5 /* aaaaaaaTests.xctest */;
			productType = "com.apple.product-type.bundle.unit-test";
		};
/* End PBXNativeTarget section */

/* Begin PBXProject section */
		AFBB00FD18EEA58300FAB4A5 /* Project object */ = {
			isa = PBXProject;
			attributes = {
				LastUpgradeCheck = 0510;
				ORGANIZATIONNAME = "haibo chen";
				TargetAttributes = {
					AFBB012518EEA58300FAB4A5 = {
						TestTargetID = AFBB010418EEA58300FAB4A5;
					};
				};
			};
			buildConfigurationList = AFBB010018EEA58300FAB4A5 /* Build configuration list for PBXProject "aaaaaaa" */;
			compatibilityVersion = "Xcode 3.2";
			developmentRegion = English;
			hasScannedForEncodings = 0;
			knownRegions = (
				en,
				Base,
			);
			mainGroup = AFBB00FC18EEA58300FAB4A5;
			productRefGroup = AFBB010618EEA58300FAB4A5 /* Products */;
			projectDirPath = "";
			projectRoot = "";
			targets = (
				AFBB010418EEA58300FAB4A5 /* aaaaaaa */,
				AFBB012518EEA58300FAB4A5 /* aaaaaaaTests */,
			);
		};
/* End PBXProject section */

/* Begin PBXResourcesBuildPhase section */
		AFBB010318EEA58300FAB4A5 /* Resources */ = {
			isa = PBXResourcesBuildPhase;
			buildActionMask = 2147483647;
			files = (
				AFBB012118EEA58300FAB4A5 /* Images.xcassets in Resources */,
				AFBB011318EEA58300FAB4A5 /* InfoPlist.strings in Resources */,
				AFBB011C18EEA58300FAB4A5 /* Main.storyboard in Resources */,
			);
			runOnlyForDeploymentPostprocessing = 0;
		};
		AFBB012418EEA58300FAB4A5 /* Resources */ = {
			isa = PBXResourcesBuildPhase;
			buildActionMask = 2147483647;
			files = (
				AFBB013218EEA58300FAB4A5 /* InfoPlist.strings in Resources */,
			);
			runOnlyForDeploymentPostprocessing = 0;
		};
/* End PBXResourcesBuildPhase section */

/* Begin PBXSourcesBuildPhase section */
		AFBB010118EEA58300FAB4A5 /* Sources */ = {
			isa = PBXSourcesBuildPhase;
			buildActionMask = 2147483647;
			files = (
				AFBB011F18EEA58300FAB4A5 /* ViewController.m in Sources */,
				AFBB011918EEA58300FAB4A5 /* AppDelegate.m in Sources */,
				AFBB011518EEA58300FAB4A5 /* main.m in Sources */,
			);
			runOnlyForDeploymentPostprocessing = 0;
		};
		AFBB012218EEA58300FAB4A5 /* Sources */ = {
			isa = PBXSourcesBuildPhase;
			buildActionMask = 2147483647;
			files = (
				AFBB013418EEA58300FAB4A5 /* aaaaaaaTests.m in Sources */,
			);
			runOnlyForDeploymentPostprocessing = 0;
		};
/* End PBXSourcesBuildPhase section */

/* Begin PBXTargetDependency section */
		AFBB012C18EEA58300FAB4A5 /* PBXTargetDependency */ = {
			isa = PBXTargetDependency;
			target = AFBB010418EEA58300FAB4A5 /* aaaaaaa */;
			targetProxy = AFBB012B18EEA58300FAB4A5 /* PBXContainerItemProxy */;
		};
/* End PBXTargetDependency section */

/* Begin PBXVariantGroup section */
		AFBB011118EEA58300FAB4A5 /* InfoPlist.strings */ = {
			isa = PBXVariantGroup;
			children = (
				AFBB011218EEA58300FAB4A5 /* en */,
			);
			name = InfoPlist.strings;
			sourceTree = "<group>";
		};
		AFBB011A18EEA58300FAB4A5 /* Main.storyboard */ = {
			isa = PBXVariantGroup;
			children = (
				AFBB011B18EEA58300FAB4A5 /* Base */,
			);
			name = Main.storyboard;
			sourceTree = "<group>";
		};
		AFBB013018EEA58300FAB4A5 /* InfoPlist.strings */ = {
			isa = PBXVariantGroup;
			children = (
				AFBB013118EEA58300FAB4A5 /* en */,
			);
			name = InfoPlist.strings;
			sourceTree = "<group>";
		};
/* End PBXVariantGroup section */

/* Begin XCBuildConfiguration section */
		AFBB013518EEA58300FAB4A5 /* Debug */ = {
			isa = XCBuildConfiguration;
			buildSettings = {
				ALWAYS_SEARCH_USER_PATHS = NO;
				CLANG_CXX_LANGUAGE_STANDARD = "gnu++0x";
				CLANG_CXX_LIBRARY = "libc++";
				CLANG_ENABLE_MODULES = YES;
				CLANG_ENABLE_OBJC_ARC = YES;
				CLANG_WARN_BOOL_CONVERSION = YES;
				CLANG_WARN_CONSTANT_CONVERSION = YES;
				CLANG_WARN_DIRECT_OBJC_ISA_USAGE = YES_ERROR;
				CLANG_WARN_EMPTY_BODY = YES;
				CLANG_WARN_ENUM_CONVERSION = YES;
				CLANG_WARN_INT_CONVERSION = YES;
				CLANG_WARN_OBJC_ROOT_CLASS = YES_ERROR;
				CLANG_WARN__DUPLICATE_METHOD_MATCH = YES;
				"CODE_SIGN_IDENTITY[sdk=iphoneos*]" = "iPhone Developer";
				COPY_PHASE_STRIP = NO;
				GCC_C_LANGUAGE_STANDARD = gnu99;
				GCC_DYNAMIC_NO_PIC = NO;
				GCC_OPTIMIZATION_LEVEL = 0;
				GCC_PREPROCESSOR_DEFINITIONS = (
					"DEBUG=1",
					"$(inherited)",
				);
				GCC_SYMBOLS_PRIVATE_EXTERN = NO;
				GCC_WARN_64_TO_32_BIT_CONVERSION = YES;
				GCC_WARN_ABOUT_RETURN_TYPE = YES_ERROR;
				GCC_WARN_UNDECLARED_SELECTOR = YES;
				GCC_WARN_UNINITIALIZED_AUTOS = YES_AGGRESSIVE;
				GCC_WARN_UNUSED_FUNCTION = YES;
				GCC_WARN_UNUSED_VARIABLE = YES;
				IPHONEOS_DEPLOYMENT_TARGET = 7.1;
				ONLY_ACTIVE_ARCH = YES;
				SDKROOT = iphoneos;
			};
			name = Debug;
		};
		AFBB013618EEA58300FAB4A5 /* Release */ = {
			isa = XCBuildConfiguration;
			buildSettings = {
				ALWAYS_SEARCH_USER_PATHS = NO;
				CLANG_CXX_LANGUAGE_STANDARD = "gnu++0x";
				CLANG_CXX_LIBRARY = "libc++";
				CLANG_ENABLE_MODULES = YES;
				CLANG_ENABLE_OBJC_ARC = YES;
				CLANG_WARN_BOOL_CONVERSION = YES;
				CLANG_WARN_CONSTANT_CONVERSION = YES;
				CLANG_WARN_DIRECT_OBJC_ISA_USAGE = YES_ERROR;
				CLANG_WARN_EMPTY_BODY = YES;
				CLANG_WARN_ENUM_CONVERSION = YES;
				CLANG_WARN_INT_CONVERSION = YES;
				CLANG_WARN_OBJC_ROOT_CLASS = YES_ERROR;
				CLANG_WARN__DUPLICATE_METHOD_MATCH = YES;
				"CODE_SIGN_IDENTITY[sdk=iphoneos*]" = "iPhone Developer";
				COPY_PHASE_STRIP = YES;
				ENABLE_NS_ASSERTIONS = NO;
				GCC_C_LANGUAGE_STANDARD = gnu99;
				GCC_WARN_64_TO_32_BIT_CONVERSION = YES;
				GCC_WARN_ABOUT_RETURN_TYPE = YES_ERROR;
				GCC_WARN_UNDECLARED_SELECTOR = YES;
				GCC_WARN_UNINITIALIZED_AUTOS = YES_AGGRESSIVE;
				GCC_WARN_UNUSED_FUNCTION = YES;
				GCC_WARN_UNUSED_VARIABLE = YES;
				IPHONEOS_DEPLOYMENT_TARGET = 7.1;
				SDKROOT = iphoneos;
				VALIDATE_PRODUCT = YES;
			};
			name = Release;
		};
		AFBB013818EEA58300FAB4A5 /* Debug */ = {
			isa = XCBuildConfiguration;
			buildSettings = {
				ASSETCATALOG_COMPILER_APPICON_NAME = AppIcon;
				ASSETCATALOG_COMPILER_LAUNCHIMAGE_NAME = LaunchImage;
				GCC_PRECOMPILE_PREFIX_HEADER = YES;
				GCC_PREFIX_HEADER = "aaaaaaa/aaaaaaa-Prefix.pch";
				INFOPLIST_FILE = "aaaaaaa/aaaaaaa-Info.plist";
				PRODUCT_NAME = "$(TARGET_NAME)";
				WRAPPER_EXTENSION = app;
			};
			name = Debug;
		};
		AFBB013918EEA58300FAB4A5 /* Release */ = {
			isa = XCBuildConfiguration;
			buildSettings = {
				ASSETCATALOG_COMPILER_APPICON_NAME = AppIcon;
				ASSETCATALOG_COMPILER_LAUNCHIMAGE_NAME = LaunchImage;
				GCC_PRECOMPILE_PREFIX_HEADER = YES;
				GCC_PREFIX_HEADER = "aaaaaaa/aaaaaaa-Prefix.pch";
				INFOPLIST_FILE = "aaaaaaa/aaaaaaa-Info.plist";
				PRODUCT_NAME = "$(TARGET_NAME)";
				WRAPPER_EXTENSION = app;
			};
			name = Release;
		};
		AFBB013B18EEA58300FAB4A5 /* Debug */ = {
			isa = XCBuildConfiguration;
			buildSettings = {
				BUNDLE_LOADER = "$(BUILT_PRODUCTS_DIR)/aaaaaaa.app/aaaaaaa";
				FRAMEWORK_SEARCH_PATHS = (
					"$(SDKROOT)/Developer/Library/Frameworks",
					"$(inherited)",
					"$(DEVELOPER_FRAMEWORKS_DIR)",
				);
				GCC_PRECOMPILE_PREFIX_HEADER = YES;
				GCC_PREFIX_HEADER = "aaaaaaa/aaaaaaa-Prefix.pch";
				GCC_PREPROCESSOR_DEFINITIONS = (
					"DEBUG=1",
					"$(inherited)",
				);
				INFOPLIST_FILE = "aaaaaaaTests/aaaaaaaTests-Info.plist";
				PRODUCT_NAME = "$(TARGET_NAME)";
				TEST_HOST = "$(BUNDLE_LOADER)";
				WRAPPER_EXTENSION = xctest;
			};
			name = Debug;
		};
		AFBB013C18EEA58300FAB4A5 /* Release */ = {
			isa = XCBuildConfiguration;
			buildSettings = {
				BUNDLE_LOADER = "$(BUILT_PRODUCTS_DIR)/aaaaaaa.app/aaaaaaa";
				FRAMEWORK_SEARCH_PATHS = (
					"$(SDKROOT)/Developer/Library/Frameworks",
					"$(inherited)",
					"$(DEVELOPER_FRAMEWORKS_DIR)",
				);
				GCC_PRECOMPILE_PREFIX_HEADER = YES;
				GCC_PREFIX_HEADER = "aaaaaaa/aaaaaaa-Prefix.pch";
				INFOPLIST_FILE = "aaaaaaaTests/aaaaaaaTests-Info.plist";
				PRODUCT_NAME = "$(TARGET_NAME)";
				TEST_HOST = "$(BUNDLE_LOADER)";
				WRAPPER_EXTENSION = xctest;
			};
			name = Release;
		};
/* End XCBuildConfiguration section */

/* Begin XCConfigurationList section */
		AFBB010018EEA58300FAB4A5 /* Build configuration list for PBXProject "aaaaaaa" */ = {
			isa = XCConfigurationList;
			buildConfigurations = (
				AFBB013518EEA58300FAB4A5 /* Debug */,
				AFBB013618EEA58300FAB4A5 /* Release */,
			);
			defaultConfigurationIsVisible = 0;
			defaultConfigurationName = Release;
		};
		AFBB013718EEA58300FAB4A5 /* Build configuration list for PBXNativeTarget "aaaaaaa" */ = {
			isa = XCConfigurationList;
			buildConfigurations = (
				AFBB013818EEA58300FAB4A5 /* Debug */,
				AFBB013918EEA58300FAB4A5 /* Release */,
			);
			defaultConfigurationIsVisible = 0;
		};
		AFBB013A18EEA58300FAB4A5 /* Build configuration list for PBXNativeTarget "aaaaaaaTests" */ = {
			isa = XCConfigurationList;
			buildConfigurations = (
				AFBB013B18EEA58300FAB4A5 /* Debug */,
				AFBB013C18EEA58300FAB4A5 /* Release */,
			);
			defaultConfigurationIsVisible = 0;
		};
/* End XCConfigurationList section */
	};
	rootObject = AFBB00FD18EEA58300FAB4A5 /* Project object */;
}
